// !$*UTF8*$!
{
	archiveVersion = 1;
	classes = {
	};
	objectVersion = 77;
	objects = {

/* Begin PBXBuildFile section */
		FC53D63D2DF8080700831793 /* MLX in Frameworks */ = {isa = PBXBuildFile; productRef = FC53D63C2DF8080700831793 /* MLX */; };
		FC53D63F2DF8080700831793 /* MLXFFT in Frameworks */ = {isa = PBXBuildFile; productRef = FC53D63E2DF8080700831793 /* MLXFFT */; };
		FC53D6412DF8080700831793 /* MLXFast in Frameworks */ = {isa = PBXBuildFile; productRef = FC53D6402DF8080700831793 /* MLXFast */; };
		FC53D6432DF8080700831793 /* MLXLinalg in Frameworks */ = {isa = PBXBuildFile; productRef = FC53D6422DF8080700831793 /* MLXLinalg */; };
		FC53D6452DF8080700831793 /* MLXNN in Frameworks */ = {isa = PBXBuildFile; productRef = FC53D6442DF8080700831793 /* MLXNN */; };
/* End PBXBuildFile section */

/* Begin PBXFileReference section */
		FC53D6252DF807A100831793 /* SummarizationBenchmark.app */ = {isa = PBXFileReference; explicitFileType = wrapper.application; includeInIndex = 0; path = SummarizationBenchmark.app; sourceTree = BUILT_PRODUCTS_DIR; };
		FC53D6472DF808E100831793 /* SummarizationModel.swift */ = {isa = PBXFileReference; lastKnownFileType = sourcecode.swift; path = SummarizationModel.swift; sourceTree = "<group>"; };
		FC53D6482DF808E700831793 /* BenchmarkResult.swift */ = {isa = PBXFileReference; lastKnownFileType = sourcecode.swift; path = BenchmarkResult.swift; sourceTree = "<group>"; };
		FC53D6492DF808ED00831793 /* ModelConfigurations.swift */ = {isa = PBXFileReference; lastKnownFileType = sourcecode.swift; path = ModelConfigurations.swift; sourceTree = "<group>"; };
		FC53D64B2DF808FF00831793 /* BenchmarkViewModel.swift */ = {isa = PBXFileReference; lastKnownFileType = sourcecode.swift; path = BenchmarkViewModel.swift; sourceTree = "<group>"; };
		FC53D64D2DF8090C00831793 /* ModelManager.swift */ = {isa = PBXFileReference; lastKnownFileType = sourcecode.swift; path = ModelManager.swift; sourceTree = "<group>"; };
		FC53D6512DF8092500831793 /* ContentView.swift */ = {isa = PBXFileReference; lastKnownFileType = sourcecode.swift; path = ContentView.swift; sourceTree = "<group>"; };
		FC53D6522DF8092C00831793 /* ModelSelectionView.swift */ = {isa = PBXFileReference; lastKnownFileType = sourcecode.swift; path = ModelSelectionView.swift; sourceTree = "<group>"; };
		FC53D6532DF8093200831793 /* BenchmarkView.swift */ = {isa = PBXFileReference; lastKnownFileType = sourcecode.swift; path = BenchmarkView.swift; sourceTree = "<group>"; };
		FC53D6552DF8094000831793 /* ResultsView.swift */ = {isa = PBXFileReference; lastKnownFileType = sourcecode.swift; path = ResultsView.swift; sourceTree = "<group>"; };
		FC53D6562DF8094E00831793 /* ComparisonView.swift */ = {isa = PBXFileReference; lastKnownFileType = sourcecode.swift; path = ComparisonView.swift; sourceTree = "<group>"; };
		FC53D6582DF8096300831793 /* PerformanceMetrics.swift */ = {isa = PBXFileReference; lastKnownFileType = sourcecode.swift; path = PerformanceMetrics.swift; sourceTree = "<group>"; };
		FC53D65A2DF8098B00831793 /* DataExporter.swift */ = {isa = PBXFileReference; lastKnownFileType = sourcecode.swift; path = DataExporter.swift; sourceTree = "<group>"; };
		FC53D65C2DF8099900831793 /* SampleTexts.swift */ = {isa = PBXFileReference; lastKnownFileType = sourcecode.swift; path = SampleTexts.swift; sourceTree = "<group>"; };
		FC53D65D2DF80A2900831793 /* MainContentView.swift */ = {isa = PBXFileReference; lastKnownFileType = sourcecode.swift; path = MainContentView.swift; sourceTree = "<group>"; };
		FC53D65E2DF80A5F00831793 /* Models.swift */ = {isa = PBXFileReference; lastKnownFileType = sourcecode.swift; path = Models.swift; sourceTree = "<group>"; };
/* End PBXFileReference section */

/* Begin PBXFileSystemSynchronizedRootGroup section */
		FC53D6272DF807A100831793 /* SummarizationBenchmark */ = {
			isa = PBXFileSystemSynchronizedRootGroup;
			path = SummarizationBenchmark;
			sourceTree = "<group>";
		};
/* End PBXFileSystemSynchronizedRootGroup section */

/* Begin PBXFrameworksBuildPhase section */
		FC53D6222DF807A100831793 /* Frameworks */ = {
			isa = PBXFrameworksBuildPhase;
			buildActionMask = 2147483647;
			files = (
				FC53D6412DF8080700831793 /* MLXFast in Frameworks */,
				FC53D6432DF8080700831793 /* MLXLinalg in Frameworks */,
				FC53D63D2DF8080700831793 /* MLX in Frameworks */,
				FC53D6452DF8080700831793 /* MLXNN in Frameworks */,
				FC53D63F2DF8080700831793 /* MLXFFT in Frameworks */,
			);
			runOnlyForDeploymentPostprocessing = 0;
		};
/* End PBXFrameworksBuildPhase section */

/* Begin PBXGroup section */
		FC53D61C2DF807A100831793 = {
			isa = PBXGroup;
			children = (
				FC53D6572DF8095500831793 /* Utils */,
				FC53D6502DF8092000831793 /* Views */,
				FC53D64A2DF808F700831793 /* ViewModels */,
				FC53D6462DF808D600831793 /* Models */,
				FC53D6272DF807A100831793 /* SummarizationBenchmark */,
				FC53D6262DF807A100831793 /* Products */,
			);
			sourceTree = "<group>";
		};
		FC53D6262DF807A100831793 /* Products */ = {
			isa = PBXGroup;
			children = (
				FC53D6252DF807A100831793 /* SummarizationBenchmark.app */,
			);
			name = Products;
			sourceTree = "<group>";
		};
		FC53D6462DF808D600831793 /* Models */ = {
			isa = PBXGroup;
			children = (
				FC53D6492DF808ED00831793 /* ModelConfigurations.swift */,
				FC53D6482DF808E700831793 /* BenchmarkResult.swift */,
				FC53D6472DF808E100831793 /* SummarizationModel.swift */,
			);
			path = Models;
			sourceTree = "<group>";
		};
		FC53D64A2DF808F700831793 /* ViewModels */ = {
			isa = PBXGroup;
			children = (
				FC53D64D2DF8090C00831793 /* ModelManager.swift */,
				FC53D64B2DF808FF00831793 /* BenchmarkViewModel.swift */,
			);
			path = ViewModels;
			sourceTree = "<group>";
		};
		FC53D6502DF8092000831793 /* Views */ = {
			isa = PBXGroup;
			children = (
				FC53D65E2DF80A5F00831793 /* Models.swift */,
				FC53D65D2DF80A2900831793 /* MainContentView.swift */,
				FC53D6562DF8094E00831793 /* ComparisonView.swift */,
				FC53D6552DF8094000831793 /* ResultsView.swift */,
				FC53D6532DF8093200831793 /* BenchmarkView.swift */,
				FC53D6522DF8092C00831793 /* ModelSelectionView.swift */,
				FC53D6512DF8092500831793 /* ContentView.swift */,
			);
			path = Views;
			sourceTree = "<group>";
		};
		FC53D6572DF8095500831793 /* Utils */ = {
			isa = PBXGroup;
			children = (
				FC53D65C2DF8099900831793 /* SampleTexts.swift */,
				FC53D65A2DF8098B00831793 /* DataExporter.swift */,
				FC53D6582DF8096300831793 /* PerformanceMetrics.swift */,
			);
			path = Utils;
			sourceTree = "<group>";
		};
/* End PBXGroup section */

/* Begin PBXNativeTarget section */
		FC53D6242DF807A100831793 /* SummarizationBenchmark */ = {
			isa = PBXNativeTarget;
			buildConfigurationList = FC53D6312DF807A200831793 /* Build configuration list for PBXNativeTarget "SummarizationBenchmark" */;
			buildPhases = (
				FC53D6212DF807A100831793 /* Sources */,
				FC53D6222DF807A100831793 /* Frameworks */,
				FC53D6232DF807A100831793 /* Resources */,
			);
			buildRules = (
			);
			dependencies = (
			);
			fileSystemSynchronizedGroups = (
				FC53D6272DF807A100831793 /* SummarizationBenchmark */,
			);
			name = SummarizationBenchmark;
			packageProductDependencies = (
				FC53D63C2DF8080700831793 /* MLX */,
				FC53D63E2DF8080700831793 /* MLXFFT */,
				FC53D6402DF8080700831793 /* MLXFast */,
				FC53D6422DF8080700831793 /* MLXLinalg */,
				FC53D6442DF8080700831793 /* MLXNN */,
			);
			productName = SummarizationBenchmark;
			productReference = FC53D6252DF807A100831793 /* SummarizationBenchmark.app */;
			productType = "com.apple.product-type.application";
		};
/* End PBXNativeTarget section */

/* Begin PBXProject section */
		FC53D61D2DF807A100831793 /* Project object */ = {
			isa = PBXProject;
			attributes = {
				BuildIndependentTargetsInParallel = 1;
				LastSwiftUpdateCheck = 1630;
				LastUpgradeCheck = 1630;
				TargetAttributes = {
					FC53D6242DF807A100831793 = {
						CreatedOnToolsVersion = 16.3;
					};
				};
			};
			buildConfigurationList = FC53D6202DF807A100831793 /* Build configuration list for PBXProject "SummarizationBenchmark" */;
			developmentRegion = en;
			hasScannedForEncodings = 0;
			knownRegions = (
				en,
				Base,
			);
			mainGroup = FC53D61C2DF807A100831793;
			minimizedProjectReferenceProxies = 1;
			packageReferences = (
				FC53D63B2DF8080700831793 /* XCRemoteSwiftPackageReference "mlx-swift" */,
			);
			preferredProjectObjectVersion = 77;
			productRefGroup = FC53D6262DF807A100831793 /* Products */;
			projectDirPath = "";
			projectRoot = "";
			targets = (
				FC53D6242DF807A100831793 /* SummarizationBenchmark */,
			);
		};
/* End PBXProject section */

/* Begin PBXResourcesBuildPhase section */
		FC53D6232DF807A100831793 /* Resources */ = {
			isa = PBXResourcesBuildPhase;
			buildActionMask = 2147483647;
			files = (
			);
			runOnlyForDeploymentPostprocessing = 0;
		};
/* End PBXResourcesBuildPhase section */

/* Begin PBXSourcesBuildPhase section */
		FC53D6212DF807A100831793 /* Sources */ = {
			isa = PBXSourcesBuildPhase;
			buildActionMask = 2147483647;
			files = (
			);
			runOnlyForDeploymentPostprocessing = 0;
		};
/* End PBXSourcesBuildPhase section */

/* Begin XCBuildConfiguration section */
		FC53D62F2DF807A200831793 /* Debug */ = {
			isa = XCBuildConfiguration;
			buildSettings = {
				ALWAYS_SEARCH_USER_PATHS = NO;
				ASSETCATALOG_COMPILER_GENERATE_SWIFT_ASSET_SYMBOL_EXTENSIONS = YES;
				CLANG_ANALYZER_NONNULL = YES;
				CLANG_ANALYZER_NUMBER_OBJECT_CONVERSION = YES_AGGRESSIVE;
				CLANG_CXX_LANGUAGE_STANDARD = "gnu++20";
				CLANG_ENABLE_MODULES = YES;
				CLANG_ENABLE_OBJC_ARC = YES;
				CLANG_ENABLE_OBJC_WEAK = YES;
				CLANG_WARN_BLOCK_CAPTURE_AUTORELEASING = YES;
				CLANG_WARN_BOOL_CONVERSION = YES;
				CLANG_WARN_COMMA = YES;
				CLANG_WARN_CONSTANT_CONVERSION = YES;
				CLANG_WARN_DEPRECATED_OBJC_IMPLEMENTATIONS = YES;
				CLANG_WARN_DIRECT_OBJC_ISA_USAGE = YES_ERROR;
				CLANG_WARN_DOCUMENTATION_COMMENTS = YES;
				CLANG_WARN_EMPTY_BODY = YES;
				CLANG_WARN_ENUM_CONVERSION = YES;
				CLANG_WARN_INFINITE_RECURSION = YES;
				CLANG_WARN_INT_CONVERSION = YES;
				CLANG_WARN_NON_LITERAL_NULL_CONVERSION = YES;
				CLANG_WARN_OBJC_IMPLICIT_RETAIN_SELF = YES;
				CLANG_WARN_OBJC_LITERAL_CONVERSION = YES;
				CLANG_WARN_OBJC_ROOT_CLASS = YES_ERROR;
				CLANG_WARN_QUOTED_INCLUDE_IN_FRAMEWORK_HEADER = YES;
				CLANG_WARN_RANGE_LOOP_ANALYSIS = YES;
				CLANG_WARN_STRICT_PROTOTYPES = YES;
				CLANG_WARN_SUSPICIOUS_MOVE = YES;
				CLANG_WARN_UNGUARDED_AVAILABILITY = YES_AGGRESSIVE;
				CLANG_WARN_UNREACHABLE_CODE = YES;
				CLANG_WARN__DUPLICATE_METHOD_MATCH = YES;
				COPY_PHASE_STRIP = NO;
				DEBUG_INFORMATION_FORMAT = dwarf;
				ENABLE_STRICT_OBJC_MSGSEND = YES;
				ENABLE_TESTABILITY = YES;
				ENABLE_USER_SCRIPT_SANDBOXING = YES;
				GCC_C_LANGUAGE_STANDARD = gnu17;
				GCC_DYNAMIC_NO_PIC = NO;
				GCC_NO_COMMON_BLOCKS = YES;
				GCC_OPTIMIZATION_LEVEL = 0;
				GCC_PREPROCESSOR_DEFINITIONS = (
					"DEBUG=1",
					"$(inherited)",
				);
				GCC_WARN_64_TO_32_BIT_CONVERSION = YES;
				GCC_WARN_ABOUT_RETURN_TYPE = YES_ERROR;
				GCC_WARN_UNDECLARED_SELECTOR = YES;
				GCC_WARN_UNINITIALIZED_AUTOS = YES_AGGRESSIVE;
				GCC_WARN_UNUSED_FUNCTION = YES;
				GCC_WARN_UNUSED_VARIABLE = YES;
				LOCALIZATION_PREFERS_STRING_CATALOGS = YES;
				MACOSX_DEPLOYMENT_TARGET = 15.3;
				MTL_ENABLE_DEBUG_INFO = INCLUDE_SOURCE;
				MTL_FAST_MATH = YES;
				ONLY_ACTIVE_ARCH = YES;
				SDKROOT = macosx;
				SWIFT_ACTIVE_COMPILATION_CONDITIONS = "DEBUG $(inherited)";
				SWIFT_OPTIMIZATION_LEVEL = "-Onone";
			};
			name = Debug;
		};
		FC53D6302DF807A200831793 /* Release */ = {
			isa = XCBuildConfiguration;
			buildSettings = {
				ALWAYS_SEARCH_USER_PATHS = NO;
				ASSETCATALOG_COMPILER_GENERATE_SWIFT_ASSET_SYMBOL_EXTENSIONS = YES;
				CLANG_ANALYZER_NONNULL = YES;
				CLANG_ANALYZER_NUMBER_OBJECT_CONVERSION = YES_AGGRESSIVE;
				CLANG_CXX_LANGUAGE_STANDARD = "gnu++20";
				CLANG_ENABLE_MODULES = YES;
				CLANG_ENABLE_OBJC_ARC = YES;
				CLANG_ENABLE_OBJC_WEAK = YES;
				CLANG_WARN_BLOCK_CAPTURE_AUTORELEASING = YES;
				CLANG_WARN_BOOL_CONVERSION = YES;
				CLANG_WARN_COMMA = YES;
				CLANG_WARN_CONSTANT_CONVERSION = YES;
				CLANG_WARN_DEPRECATED_OBJC_IMPLEMENTATIONS = YES;
				CLANG_WARN_DIRECT_OBJC_ISA_USAGE = YES_ERROR;
				CLANG_WARN_DOCUMENTATION_COMMENTS = YES;
				CLANG_WARN_EMPTY_BODY = YES;
				CLANG_WARN_ENUM_CONVERSION = YES;
				CLANG_WARN_INFINITE_RECURSION = YES;
				CLANG_WARN_INT_CONVERSION = YES;
				CLANG_WARN_NON_LITERAL_NULL_CONVERSION = YES;
				CLANG_WARN_OBJC_IMPLICIT_RETAIN_SELF = YES;
				CLANG_WARN_OBJC_LITERAL_CONVERSION = YES;
				CLANG_WARN_OBJC_ROOT_CLASS = YES_ERROR;
				CLANG_WARN_QUOTED_INCLUDE_IN_FRAMEWORK_HEADER = YES;
				CLANG_WARN_RANGE_LOOP_ANALYSIS = YES;
				CLANG_WARN_STRICT_PROTOTYPES = YES;
				CLANG_WARN_SUSPICIOUS_MOVE = YES;
				CLANG_WARN_UNGUARDED_AVAILABILITY = YES_AGGRESSIVE;
				CLANG_WARN_UNREACHABLE_CODE = YES;
				CLANG_WARN__DUPLICATE_METHOD_MATCH = YES;
				COPY_PHASE_STRIP = NO;
				DEBUG_INFORMATION_FORMAT = "dwarf-with-dsym";
				ENABLE_NS_ASSERTIONS = NO;
				ENABLE_STRICT_OBJC_MSGSEND = YES;
				ENABLE_USER_SCRIPT_SANDBOXING = YES;
				GCC_C_LANGUAGE_STANDARD = gnu17;
				GCC_NO_COMMON_BLOCKS = YES;
				GCC_WARN_64_TO_32_BIT_CONVERSION = YES;
				GCC_WARN_ABOUT_RETURN_TYPE = YES_ERROR;
				GCC_WARN_UNDECLARED_SELECTOR = YES;
				GCC_WARN_UNINITIALIZED_AUTOS = YES_AGGRESSIVE;
				GCC_WARN_UNUSED_FUNCTION = YES;
				GCC_WARN_UNUSED_VARIABLE = YES;
				LOCALIZATION_PREFERS_STRING_CATALOGS = YES;
				MACOSX_DEPLOYMENT_TARGET = 15.3;
				MTL_ENABLE_DEBUG_INFO = NO;
				MTL_FAST_MATH = YES;
				SDKROOT = macosx;
				SWIFT_COMPILATION_MODE = wholemodule;
			};
			name = Release;
		};
		FC53D6322DF807A200831793 /* Debug */ = {
			isa = XCBuildConfiguration;
			buildSettings = {
				ASSETCATALOG_COMPILER_APPICON_NAME = AppIcon;
				ASSETCATALOG_COMPILER_GLOBAL_ACCENT_COLOR_NAME = AccentColor;
				CODE_SIGN_ENTITLEMENTS = SummarizationBenchmark/SummarizationBenchmark.entitlements;
				CODE_SIGN_STYLE = Automatic;
				COMBINE_HIDPI_IMAGES = YES;
				CURRENT_PROJECT_VERSION = 1;
				ENABLE_PREVIEWS = YES;
				GENERATE_INFOPLIST_FILE = YES;
				INFOPLIST_KEY_NSHumanReadableCopyright = "";
				LD_RUNPATH_SEARCH_PATHS = (
					"$(inherited)",
					"@executable_path/../Frameworks",
				);
				MARKETING_VERSION = 1.0;
				PRODUCT_BUNDLE_IDENTIFIER = com.npe.summarizationbenchmark.SummarizationBenchmark;
				PRODUCT_NAME = "$(TARGET_NAME)";
				REGISTER_APP_GROUPS = YES;
				SWIFT_EMIT_LOC_STRINGS = YES;
				SWIFT_VERSION = 5.0;
			};
			name = Debug;
		};
		FC53D6332DF807A200831793 /* Release */ = {
			isa = XCBuildConfiguration;
			buildSettings = {
				ASSETCATALOG_COMPILER_APPICON_NAME = AppIcon;
				ASSETCATALOG_COMPILER_GLOBAL_ACCENT_COLOR_NAME = AccentColor;
				CODE_SIGN_ENTITLEMENTS = SummarizationBenchmark/SummarizationBenchmark.entitlements;
				CODE_SIGN_STYLE = Automatic;
				COMBINE_HIDPI_IMAGES = YES;
				CURRENT_PROJECT_VERSION = 1;
				ENABLE_PREVIEWS = YES;
				GENERATE_INFOPLIST_FILE = YES;
				INFOPLIST_KEY_NSHumanReadableCopyright = "";
				LD_RUNPATH_SEARCH_PATHS = (
					"$(inherited)",
					"@executable_path/../Frameworks",
				);
				MARKETING_VERSION = 1.0;
				PRODUCT_BUNDLE_IDENTIFIER = com.npe.summarizationbenchmark.SummarizationBenchmark;
				PRODUCT_NAME = "$(TARGET_NAME)";
				REGISTER_APP_GROUPS = YES;
				SWIFT_EMIT_LOC_STRINGS = YES;
				SWIFT_VERSION = 5.0;
			};
			name = Release;
		};
/* End XCBuildConfiguration section */

/* Begin XCConfigurationList section */
		FC53D6202DF807A100831793 /* Build configuration list for PBXProject "SummarizationBenchmark" */ = {
			isa = XCConfigurationList;
			buildConfigurations = (
				FC53D62F2DF807A200831793 /* Debug */,
				FC53D6302DF807A200831793 /* Release */,
			);
			defaultConfigurationIsVisible = 0;
			defaultConfigurationName = Release;
		};
		FC53D6312DF807A200831793 /* Build configuration list for PBXNativeTarget "SummarizationBenchmark" */ = {
			isa = XCConfigurationList;
			buildConfigurations = (
				FC53D6322DF807A200831793 /* Debug */,
				FC53D6332DF807A200831793 /* Release */,
			);
			defaultConfigurationIsVisible = 0;
			defaultConfigurationName = Release;
		};
/* End XCConfigurationList section */

/* Begin XCRemoteSwiftPackageReference section */
		FC53D63B2DF8080700831793 /* XCRemoteSwiftPackageReference "mlx-swift" */ = {
			isa = XCRemoteSwiftPackageReference;
			repositoryURL = "https://github.com/ml-explore/mlx-swift";
			requirement = {
				kind = upToNextMajorVersion;
				minimumVersion = 0.25.4;
			};
		};
/* End XCRemoteSwiftPackageReference section */

/* Begin XCSwiftPackageProductDependency section */
		FC53D63C2DF8080700831793 /* MLX */ = {
			isa = XCSwiftPackageProductDependency;
			package = FC53D63B2DF8080700831793 /* XCRemoteSwiftPackageReference "mlx-swift" */;
			productName = MLX;
		};
		FC53D63E2DF8080700831793 /* MLXFFT */ = {
			isa = XCSwiftPackageProductDependency;
			package = FC53D63B2DF8080700831793 /* XCRemoteSwiftPackageReference "mlx-swift" */;
			productName = MLXFFT;
		};
		FC53D6402DF8080700831793 /* MLXFast */ = {
			isa = XCSwiftPackageProductDependency;
			package = FC53D63B2DF8080700831793 /* XCRemoteSwiftPackageReference "mlx-swift" */;
			productName = MLXFast;
		};
		FC53D6422DF8080700831793 /* MLXLinalg */ = {
			isa = XCSwiftPackageProductDependency;
			package = FC53D63B2DF8080700831793 /* XCRemoteSwiftPackageReference "mlx-swift" */;
			productName = MLXLinalg;
		};
		FC53D6442DF8080700831793 /* MLXNN */ = {
			isa = XCSwiftPackageProductDependency;
			package = FC53D63B2DF8080700831793 /* XCRemoteSwiftPackageReference "mlx-swift" */;
			productName = MLXNN;
		};
/* End XCSwiftPackageProductDependency section */
	};
	rootObject = FC53D61D2DF807A100831793 /* Project object */;
}
